
Microsoft Visual Studio Solution File, Format Version 12.00
# Visual Studio Version 16
VisualStudioVersion = 16.0.31205.134
MinimumVisualStudioVersion = 10.0.40219.1
Project("{FAE04EC0-301F-11D3-BF4B-00C04F79EFBC}") = "Calculator Requirement", "Calculator Requirement\Calculator Requirement.csproj", "{BE07D37F-084B-4697-8447-CCCFF05A6621}"
EndProject
Global
	GlobalSection(SolutionConfigurationPlatforms) = preSolution
		Debug|Any CPU = Debug|Any CPU
		Release|Any CPU = Release|Any CPU
	EndGlobalSection
	GlobalSection(ProjectConfigurationPlatforms) = postSolution
		{BE07D37F-084B-4697-8447-CCCFF05A6621}.Debug|Any CPU.ActiveCfg = Debug|Any CPU
		{BE07D37F-084B-4697-8447-CCCFF05A6621}.Debug|Any CPU.Build.0 = Debug|Any CPU
		{BE07D37F-084B-4697-8447-CCCFF05A6621}.Release|Any CPU.ActiveCfg = Release|Any CPU
		{BE07D37F-084B-4697-8447-CCCFF05A6621}.Release|Any CPU.Build.0 = Release|Any CPU
	EndGlobalSection
	GlobalSection(SolutionProperties) = preSolution
		HideSolutionNode = FALSE
	EndGlobalSection
	GlobalSection(ExtensibilityGlobals) = postSolution
		SolutionGuid = {F553675F-8051-43E7-9A23-672DF4639073}
	EndGlobalSection
EndGlobal
